
Microsoft Visual Studio Solution File, Format Version 12.00
# Visual Studio Version 17
VisualStudioVersion = 17.8.34330.188
MinimumVisualStudioVersion = 10.0.40219.1
Project("{2150E333-8FDC-42A3-9474-1A3956D46DE8}") = "src", "src", "{3A7C3D8E-7EB0-4BB6-A6D0-C658B3183F69}"
EndProject
Project("{2150E333-8FDC-42A3-9474-1A3956D46DE8}") = "CORE", "CORE", "{97E74B0D-7EA0-4548-8795-C02F704D5ECC}"
EndProject
Project("{2150E333-8FDC-42A3-9474-1A3956D46DE8}") = "Infrastructure", "Infrastructure", "{67BA0829-C7AD-40D7-AB2C-F9A2CD065D40}"
EndProject
Project("{2150E333-8FDC-42A3-9474-1A3956D46DE8}") = "API", "API", "{3C89D05D-9772-40D0-9246-E07655A525B5}"
EndProject
Project("{2150E333-8FDC-42A3-9474-1A3956D46DE8}") = "Domain", "Domain", "{28095017-1C62-4880-8E18-70CE6E983193}"
EndProject
Project("{9A19103F-16F7-4668-BE54-9A1E7A4F7556}") = "RecipeBook.Domain", "RecipeBook.Domain\RecipeBook.Domain.csproj", "{59CE9C0D-2FE9-4C0A-96A2-BBB40C555F98}"
EndProject
Project("{2150E333-8FDC-42A3-9474-1A3956D46DE8}") = "Persistance", "Persistance", "{B15FBCA7-37EA-4E7B-97F4-DB65418C87D6}"
EndProject
Project("{9A19103F-16F7-4668-BE54-9A1E7A4F7556}") = "RecipeBook.Persistance", "RecipeBook.Persistance\RecipeBook.Persistance.csproj", "{77C25FC3-4448-42FE-8AE6-37B220CF6E24}"
EndProject
Project("{2150E333-8FDC-42A3-9474-1A3956D46DE8}") = "Application", "Application", "{249F8991-FE59-4F73-AE54-9707389F83D9}"
EndProject
Project("{9A19103F-16F7-4668-BE54-9A1E7A4F7556}") = "Recipebook.Application", "Recipebook.Application\Recipebook.Application.csproj", "{02D418DD-4B40-454B-A254-1A3454C495F8}"
EndProject
Project("{9A19103F-16F7-4668-BE54-9A1E7A4F7556}") = "RecipeBook.API", "RecipeBook.API\RecipeBook.API.csproj", "{9572FF6E-8FAD-4FB4-926A-E555573C0F88}"
EndProject
Project("{9A19103F-16F7-4668-BE54-9A1E7A4F7556}") = "RecipeBook.Repository", "RecipeBook.Repository\RecipeBook.Repository.csproj", "{58E17F1E-7AE9-41A2-B08D-B6FF1516260D}"
EndProject
Project("{2150E333-8FDC-42A3-9474-1A3956D46DE8}") = "Common", "Common", "{EB577DA9-CC77-406F-A4CC-4BDAE2C18BB0}"
EndProject
Project("{9A19103F-16F7-4668-BE54-9A1E7A4F7556}") = "RecipeBook.Common", "RecipeBook.Common\RecipeBook.Common.csproj", "{537C8C6E-25ED-4790-8DB3-7A8E57CD9A1E}"
EndProject
Project("{2150E333-8FDC-42A3-9474-1A3956D46DE8}") = "UI", "UI", "{4229C2B0-D613-4893-B7A3-9A77DBCFC268}"
EndProject
Project("{2150E333-8FDC-42A3-9474-1A3956D46DE8}") = "Host", "Host", "{D19BF326-1C4E-417C-8FE8-39C85F29875B}"
EndProject
Project("{9A19103F-16F7-4668-BE54-9A1E7A4F7556}") = "RecipeBook.UI", "RecipeBook.UI\RecipeBook.UI.csproj", "{98ED398F-E5C5-4BD9-B0E9-6B31774949E6}"
EndProject
Project("{2150E333-8FDC-42A3-9474-1A3956D46DE8}") = "Service", "Service", "{AA4A67BB-96DD-48F4-92BA-DED0FF547FE5}"
EndProject
Project("{9A19103F-16F7-4668-BE54-9A1E7A4F7556}") = "RecipeBook.Dictionnary", "RecipeBook.Dictionnary\RecipeBook.Dictionnary.csproj", "{4CB59385-DFD2-4E7E-85D4-387D6459DDD8}"
EndProject
Project("{2150E333-8FDC-42A3-9474-1A3956D46DE8}") = "Data", "Data", "{154F1149-FE25-4BE6-8974-EAA36908C26E}"
EndProject
Project("{9A19103F-16F7-4668-BE54-9A1E7A4F7556}") = "RecipeBook.Service", "RecipeBook.Service\RecipeBook.Service.csproj", "{E92B09BF-B778-4AE5-89C3-27DD6043C14A}"
EndProject
Project("{2150E333-8FDC-42A3-9474-1A3956D46DE8}") = "FI", "FI", "{D8672BC2-7F71-41E7-8629-DF3EA9C4A4C1}"
EndProject
Global
	GlobalSection(SolutionConfigurationPlatforms) = preSolution
		Debug|Any CPU = Debug|Any CPU
		Release|Any CPU = Release|Any CPU
	EndGlobalSection
	GlobalSection(ProjectConfigurationPlatforms) = postSolution
		{59CE9C0D-2FE9-4C0A-96A2-BBB40C555F98}.Debug|Any CPU.ActiveCfg = Debug|Any CPU
		{59CE9C0D-2FE9-4C0A-96A2-BBB40C555F98}.Debug|Any CPU.Build.0 = Debug|Any CPU
		{59CE9C0D-2FE9-4C0A-96A2-BBB40C555F98}.Release|Any CPU.ActiveCfg = Release|Any CPU
		{59CE9C0D-2FE9-4C0A-96A2-BBB40C555F98}.Release|Any CPU.Build.0 = Release|Any CPU
		{77C25FC3-4448-42FE-8AE6-37B220CF6E24}.Debug|Any CPU.ActiveCfg = Debug|Any CPU
		{77C25FC3-4448-42FE-8AE6-37B220CF6E24}.Debug|Any CPU.Build.0 = Debug|Any CPU
		{77C25FC3-4448-42FE-8AE6-37B220CF6E24}.Release|Any CPU.ActiveCfg = Release|Any CPU
		{77C25FC3-4448-42FE-8AE6-37B220CF6E24}.Release|Any CPU.Build.0 = Release|Any CPU
		{02D418DD-4B40-454B-A254-1A3454C495F8}.Debug|Any CPU.ActiveCfg = Debug|Any CPU
		{02D418DD-4B40-454B-A254-1A3454C495F8}.Debug|Any CPU.Build.0 = Debug|Any CPU
		{02D418DD-4B40-454B-A254-1A3454C495F8}.Release|Any CPU.ActiveCfg = Release|Any CPU
		{02D418DD-4B40-454B-A254-1A3454C495F8}.Release|Any CPU.Build.0 = Release|Any CPU
		{9572FF6E-8FAD-4FB4-926A-E555573C0F88}.Debug|Any CPU.ActiveCfg = Debug|Any CPU
		{9572FF6E-8FAD-4FB4-926A-E555573C0F88}.Debug|Any CPU.Build.0 = Debug|Any CPU
		{9572FF6E-8FAD-4FB4-926A-E555573C0F88}.Release|Any CPU.ActiveCfg = Release|Any CPU
		{9572FF6E-8FAD-4FB4-926A-E555573C0F88}.Release|Any CPU.Build.0 = Release|Any CPU
		{58E17F1E-7AE9-41A2-B08D-B6FF1516260D}.Debug|Any CPU.ActiveCfg = Debug|Any CPU
		{58E17F1E-7AE9-41A2-B08D-B6FF1516260D}.Debug|Any CPU.Build.0 = Debug|Any CPU
		{58E17F1E-7AE9-41A2-B08D-B6FF1516260D}.Release|Any CPU.ActiveCfg = Release|Any CPU
		{58E17F1E-7AE9-41A2-B08D-B6FF1516260D}.Release|Any CPU.Build.0 = Release|Any CPU
		{537C8C6E-25ED-4790-8DB3-7A8E57CD9A1E}.Debug|Any CPU.ActiveCfg = Debug|Any CPU
		{537C8C6E-25ED-4790-8DB3-7A8E57CD9A1E}.Debug|Any CPU.Build.0 = Debug|Any CPU
		{537C8C6E-25ED-4790-8DB3-7A8E57CD9A1E}.Release|Any CPU.ActiveCfg = Release|Any CPU
		{537C8C6E-25ED-4790-8DB3-7A8E57CD9A1E}.Release|Any CPU.Build.0 = Release|Any CPU
		{98ED398F-E5C5-4BD9-B0E9-6B31774949E6}.Debug|Any CPU.ActiveCfg = Debug|Any CPU
		{98ED398F-E5C5-4BD9-B0E9-6B31774949E6}.Debug|Any CPU.Build.0 = Debug|Any CPU
		{98ED398F-E5C5-4BD9-B0E9-6B31774949E6}.Release|Any CPU.ActiveCfg = Release|Any CPU
		{98ED398F-E5C5-4BD9-B0E9-6B31774949E6}.Release|Any CPU.Build.0 = Release|Any CPU
		{4CB59385-DFD2-4E7E-85D4-387D6459DDD8}.Debug|Any CPU.ActiveCfg = Debug|Any CPU
		{4CB59385-DFD2-4E7E-85D4-387D6459DDD8}.Debug|Any CPU.Build.0 = Debug|Any CPU
		{4CB59385-DFD2-4E7E-85D4-387D6459DDD8}.Release|Any CPU.ActiveCfg = Release|Any CPU
		{4CB59385-DFD2-4E7E-85D4-387D6459DDD8}.Release|Any CPU.Build.0 = Release|Any CPU
		{E92B09BF-B778-4AE5-89C3-27DD6043C14A}.Debug|Any CPU.ActiveCfg = Debug|Any CPU
		{E92B09BF-B778-4AE5-89C3-27DD6043C14A}.Debug|Any CPU.Build.0 = Debug|Any CPU
		{E92B09BF-B778-4AE5-89C3-27DD6043C14A}.Release|Any CPU.ActiveCfg = Release|Any CPU
		{E92B09BF-B778-4AE5-89C3-27DD6043C14A}.Release|Any CPU.Build.0 = Release|Any CPU
	EndGlobalSection
	GlobalSection(SolutionProperties) = preSolution
		HideSolutionNode = FALSE
	EndGlobalSection
	GlobalSection(NestedProjects) = preSolution
		{97E74B0D-7EA0-4548-8795-C02F704D5ECC} = {3A7C3D8E-7EB0-4BB6-A6D0-C658B3183F69}
		{67BA0829-C7AD-40D7-AB2C-F9A2CD065D40} = {3A7C3D8E-7EB0-4BB6-A6D0-C658B3183F69}
		{3C89D05D-9772-40D0-9246-E07655A525B5} = {3A7C3D8E-7EB0-4BB6-A6D0-C658B3183F69}
		{28095017-1C62-4880-8E18-70CE6E983193} = {97E74B0D-7EA0-4548-8795-C02F704D5ECC}
		{59CE9C0D-2FE9-4C0A-96A2-BBB40C555F98} = {28095017-1C62-4880-8E18-70CE6E983193}
		{B15FBCA7-37EA-4E7B-97F4-DB65418C87D6} = {67BA0829-C7AD-40D7-AB2C-F9A2CD065D40}
		{77C25FC3-4448-42FE-8AE6-37B220CF6E24} = {B15FBCA7-37EA-4E7B-97F4-DB65418C87D6}
		{249F8991-FE59-4F73-AE54-9707389F83D9} = {97E74B0D-7EA0-4548-8795-C02F704D5ECC}
		{02D418DD-4B40-454B-A254-1A3454C495F8} = {249F8991-FE59-4F73-AE54-9707389F83D9}
		{9572FF6E-8FAD-4FB4-926A-E555573C0F88} = {3C89D05D-9772-40D0-9246-E07655A525B5}
		{58E17F1E-7AE9-41A2-B08D-B6FF1516260D} = {B15FBCA7-37EA-4E7B-97F4-DB65418C87D6}
		{EB577DA9-CC77-406F-A4CC-4BDAE2C18BB0} = {3A7C3D8E-7EB0-4BB6-A6D0-C658B3183F69}
		{537C8C6E-25ED-4790-8DB3-7A8E57CD9A1E} = {EB577DA9-CC77-406F-A4CC-4BDAE2C18BB0}
		{4229C2B0-D613-4893-B7A3-9A77DBCFC268} = {3A7C3D8E-7EB0-4BB6-A6D0-C658B3183F69}
		{D19BF326-1C4E-417C-8FE8-39C85F29875B} = {4229C2B0-D613-4893-B7A3-9A77DBCFC268}
		{98ED398F-E5C5-4BD9-B0E9-6B31774949E6} = {D19BF326-1C4E-417C-8FE8-39C85F29875B}
		{AA4A67BB-96DD-48F4-92BA-DED0FF547FE5} = {4229C2B0-D613-4893-B7A3-9A77DBCFC268}
		{4CB59385-DFD2-4E7E-85D4-387D6459DDD8} = {B15FBCA7-37EA-4E7B-97F4-DB65418C87D6}
		{154F1149-FE25-4BE6-8974-EAA36908C26E} = {4229C2B0-D613-4893-B7A3-9A77DBCFC268}
		{E92B09BF-B778-4AE5-89C3-27DD6043C14A} = {AA4A67BB-96DD-48F4-92BA-DED0FF547FE5}
		{D8672BC2-7F71-41E7-8629-DF3EA9C4A4C1} = {3A7C3D8E-7EB0-4BB6-A6D0-C658B3183F69}
	EndGlobalSection
	GlobalSection(ExtensibilityGlobals) = postSolution
		SolutionGuid = {910F2F14-FBA5-4ED8-953A-80DCCF1E7161}
	EndGlobalSection
EndGlobal
